<?xml version="1.0" encoding="utf-8"?>
<Project ToolsVersion="4.0" xmlns="http://schemas.microsoft.com/developer/msbuild/2003">
  <ItemGroup>
    <Filter Include="源文件">
      <UniqueIdentifier>{4FC737F1-C7A5-4376-A066-2A32D752A2FF}</UniqueIdentifier>
      <Extensions>cpp;c;cc;cxx;c++;cppm;ixx;def;odl;idl;hpj;bat;asm;asmx</Extensions>
    </Filter>
    <Filter Include="头文件">
      <UniqueIdentifier>{93995380-89BD-4b04-88EB-625FBE52EBFB}</UniqueIdentifier>
      <Extensions>h;hh;hpp;hxx;h++;hm;inl;inc;ipp;xsd</Extensions>
    </Filter>
    <Filter Include="资源文件">
      <UniqueIdentifier>{67DA6AB6-F800-4c08-8B7A-83BB121AAD01}</UniqueIdentifier>
      <Extensions>rc;ico;cur;bmp;dlg;rc2;rct;bin;rgs;gif;jpg;jpeg;jpe;resx;tiff;tif;png;wav;mfcribbon-ms</Extensions>
    </Filter>
    <Filter Include="test_scripts">
      <UniqueIdentifier>{8f33f189-9c93-4f30-b3e0-eeb9d8cc1491}</UniqueIdentifier>
    </Filter>
  </ItemGroup>
  <ItemGroup>
    <ClCompile Include="rs_driver.cpp">
      <Filter>源文件</Filter>
    </ClCompile>
  </ItemGroup>
  <ItemGroup>
    <None Include="test_scripts\test_all.rsn">
      <Filter>test_scripts</Filter>
    </None>
    <None Include="test_scripts\test_debug_invoke.rsn">
      <Filter>test_scripts</Filter>
    </None>
    <None Include="test_scripts\test_dup.rsn">
      <Filter>test_scripts</Filter>
    </None>
    <None Include="test_scripts\test_enum.rsn">
      <Filter>test_scripts</Filter>
    </None>
    <None Include="test_scripts\test_gc.rsn">
      <Filter>test_scripts</Filter>
    </None>
    <None Include="test_scripts\test_helloworld.rsn">
      <Filter>test_scripts</Filter>
    </None>
    <None Include="test_scripts\test_static.rsn">
      <Filter>test_scripts</Filter>
    </None>
    <None Include="test_scripts\test_vm.rsn">
      <Filter>test_scripts</Filter>
    </None>
    <None Include="test_scripts\test_while.rsn">
      <Filter>test_scripts</Filter>
    </None>
    <None Include="test_scripts\test_template.rsn">
      <Filter>test_scripts</Filter>
    </None>
    <None Include="test_scripts\test_string_u8.rsn">
      <Filter>test_scripts</Filter>
    </None>
    <None Include="test_scripts\test_thread.rsn">
      <Filter>test_scripts</Filter>
    </None>
    <None Include="test_scripts\test_naming.rsn">
      <Filter>test_scripts</Filter>
    </None>
  </ItemGroup>
</Project>