<?xml version="1.0" encoding="utf-8"?>
<Project ToolsVersion="17.0" xmlns="http://schemas.microsoft.com/developer/msbuild/2003">
  <ItemGroup>
    <ClCompile Include="E:\Windows\Desktop\project\woolang\driver\wo_driver.cpp">
      <Filter>Source Files</Filter>
    </ClCompile>
  </ItemGroup>
  <ItemGroup>
    <CustomBuild Include="E:\Windows\Desktop\project\woolang\driver\CMakeLists.txt" />
  </ItemGroup>
  <ItemGroup>
    <Filter Include="Source Files">
      <UniqueIdentifier>{EBD67071-8AB0-3BF6-9430-2DFE32BF1E77}</UniqueIdentifier>
    </Filter>
  </ItemGroup>
</Project>
