<?xml version="1.0" encoding="utf-8"?>
<Project ToolsVersion="4.0" xmlns="http://schemas.microsoft.com/developer/msbuild/2003">
  <ItemGroup>
    <Filter Include="源文件">
      <UniqueIdentifier>{4FC737F1-C7A5-4376-A066-2A32D752A2FF}</UniqueIdentifier>
      <Extensions>cpp;c;cc;cxx;c++;cppm;ixx;def;odl;idl;hpj;bat;asm;asmx</Extensions>
    </Filter>
    <Filter Include="头文件">
      <UniqueIdentifier>{93995380-89BD-4b04-88EB-625FBE52EBFB}</UniqueIdentifier>
      <Extensions>h;hh;hpp;hxx;h++;hm;inl;inc;ipp;xsd</Extensions>
    </Filter>
    <Filter Include="资源文件">
      <UniqueIdentifier>{67DA6AB6-F800-4c08-8B7A-83BB121AAD01}</UniqueIdentifier>
      <Extensions>rc;ico;cur;bmp;dlg;rc2;rct;bin;rgs;gif;jpg;jpeg;jpe;resx;tiff;tif;png;wav;mfcribbon-ms</Extensions>
    </Filter>
    <Filter Include="compiler">
      <UniqueIdentifier>{927f8eae-bf6a-432d-b164-e52452671274}</UniqueIdentifier>
    </Filter>
    <Filter Include="3rd">
      <UniqueIdentifier>{95417a9b-5055-4861-8d62-52e14ac3a47a}</UniqueIdentifier>
    </Filter>
    <Filter Include="basic">
      <UniqueIdentifier>{7d9a7b23-d5b2-48f1-99a5-5bab126fda79}</UniqueIdentifier>
    </Filter>
    <Filter Include="environment">
      <UniqueIdentifier>{0310393a-6084-4248-a807-ad07e7d0f719}</UniqueIdentifier>
    </Filter>
    <Filter Include="lang">
      <UniqueIdentifier>{14547a97-153f-4356-99b0-37f4e77918b5}</UniqueIdentifier>
    </Filter>
    <Filter Include="runtime">
      <UniqueIdentifier>{55da0602-8c9d-405e-8ac4-ade6d6ce16fb}</UniqueIdentifier>
    </Filter>
    <Filter Include="stdlib">
      <UniqueIdentifier>{117ab175-6ff0-4183-a15a-3eb3498061b0}</UniqueIdentifier>
    </Filter>
    <Filter Include="roroutine">
      <UniqueIdentifier>{a7bfe678-fd42-4d08-b6ab-e083ea4ae547}</UniqueIdentifier>
    </Filter>
    <Filter Include="roroutine\context">
      <UniqueIdentifier>{0adbda23-2d57-4470-9cfc-afbbfdb86e7b}</UniqueIdentifier>
    </Filter>
    <Filter Include="3rd\asmjit">
      <UniqueIdentifier>{5730aaf4-a4c1-4400-ad60-ed1ae2320983}</UniqueIdentifier>
    </Filter>
    <Filter Include="3rd\asmjit\base">
      <UniqueIdentifier>{0ae4ab11-0800-4892-aaed-87770cf15fe8}</UniqueIdentifier>
    </Filter>
    <Filter Include="3rd\asmjit\x86">
      <UniqueIdentifier>{335d0534-2d42-4bdd-ab39-15719e44022a}</UniqueIdentifier>
    </Filter>
  </ItemGroup>
  <ItemGroup>
    <ClCompile Include="rs_main.cpp">
      <Filter>源文件</Filter>
    </ClCompile>
    <ClCompile Include="rs_api_impl.cpp">
      <Filter>源文件</Filter>
    </ClCompile>
    <ClCompile Include="rs_gc_work.cpp">
      <Filter>源文件</Filter>
    </ClCompile>
    <ClCompile Include="rs_compiler_ir.cpp">
      <Filter>compiler</Filter>
    </ClCompile>
    <ClCompile Include="rs_lang_functions_for_ast.cpp">
      <Filter>lang</Filter>
    </ClCompile>
    <ClCompile Include="rs_os_api.cpp">
      <Filter>environment</Filter>
    </ClCompile>
    <ClCompile Include="rs_stdlib_extern_functions.cpp">
      <Filter>stdlib</Filter>
    </ClCompile>
    <ClCompile Include="rs_lang_grammar.cpp">
      <Filter>lang</Filter>
    </ClCompile>
    <ClCompile Include="rs_lang_grammar_cache_holder.cpp">
      <Filter>lang</Filter>
    </ClCompile>
    <ClCompile Include="rs_utf8.cpp">
      <Filter>basic</Filter>
    </ClCompile>
    <ClCompile Include="rs_lang_ast_builder.cpp">
      <Filter>lang</Filter>
    </ClCompile>
    <ClCompile Include="rs_roroutine_fiber.cpp">
      <Filter>roroutine\context</Filter>
    </ClCompile>
    <ClCompile Include="rs_memory.cpp">
      <Filter>basic</Filter>
    </ClCompile>
    <ClCompile Include="rs_compiler_jit.cpp">
      <Filter>compiler</Filter>
    </ClCompile>
    <ClCompile Include="asmjit\base\arch.cpp">
      <Filter>3rd\asmjit\base</Filter>
    </ClCompile>
    <ClCompile Include="asmjit\base\assembler.cpp">
      <Filter>3rd\asmjit\base</Filter>
    </ClCompile>
    <ClCompile Include="asmjit\base\codebuilder.cpp">
      <Filter>3rd\asmjit\base</Filter>
    </ClCompile>
    <ClCompile Include="asmjit\base\codecompiler.cpp">
      <Filter>3rd\asmjit\base</Filter>
    </ClCompile>
    <ClCompile Include="asmjit\base\codeemitter.cpp">
      <Filter>3rd\asmjit\base</Filter>
    </ClCompile>
    <ClCompile Include="asmjit\base\codeholder.cpp">
      <Filter>3rd\asmjit\base</Filter>
    </ClCompile>
    <ClCompile Include="asmjit\base\constpool.cpp">
      <Filter>3rd\asmjit\base</Filter>
    </ClCompile>
    <ClCompile Include="asmjit\base\cpuinfo.cpp">
      <Filter>3rd\asmjit\base</Filter>
    </ClCompile>
    <ClCompile Include="asmjit\base\func.cpp">
      <Filter>3rd\asmjit\base</Filter>
    </ClCompile>
    <ClCompile Include="asmjit\base\globals.cpp">
      <Filter>3rd\asmjit\base</Filter>
    </ClCompile>
    <ClCompile Include="asmjit\base\inst.cpp">
      <Filter>3rd\asmjit\base</Filter>
    </ClCompile>
    <ClCompile Include="asmjit\base\logging.cpp">
      <Filter>3rd\asmjit\base</Filter>
    </ClCompile>
    <ClCompile Include="asmjit\base\operand.cpp">
      <Filter>3rd\asmjit\base</Filter>
    </ClCompile>
    <ClCompile Include="asmjit\base\osutils.cpp">
      <Filter>3rd\asmjit\base</Filter>
    </ClCompile>
    <ClCompile Include="asmjit\base\regalloc.cpp">
      <Filter>3rd\asmjit\base</Filter>
    </ClCompile>
    <ClCompile Include="asmjit\base\runtime.cpp">
      <Filter>3rd\asmjit\base</Filter>
    </ClCompile>
    <ClCompile Include="asmjit\base\string.cpp">
      <Filter>3rd\asmjit\base</Filter>
    </ClCompile>
    <ClCompile Include="asmjit\base\utils.cpp">
      <Filter>3rd\asmjit\base</Filter>
    </ClCompile>
    <ClCompile Include="asmjit\base\vmem.cpp">
      <Filter>3rd\asmjit\base</Filter>
    </ClCompile>
    <ClCompile Include="asmjit\base\zone.cpp">
      <Filter>3rd\asmjit\base</Filter>
    </ClCompile>
    <ClCompile Include="asmjit\x86\x86assembler.cpp">
      <Filter>3rd\asmjit\x86</Filter>
    </ClCompile>
    <ClCompile Include="asmjit\x86\x86builder.cpp">
      <Filter>3rd\asmjit\x86</Filter>
    </ClCompile>
    <ClCompile Include="asmjit\x86\x86compiler.cpp">
      <Filter>3rd\asmjit\x86</Filter>
    </ClCompile>
    <ClCompile Include="asmjit\x86\x86inst.cpp">
      <Filter>3rd\asmjit\x86</Filter>
    </ClCompile>
    <ClCompile Include="asmjit\x86\x86instimpl.cpp">
      <Filter>3rd\asmjit\x86</Filter>
    </ClCompile>
    <ClCompile Include="asmjit\x86\x86internal.cpp">
      <Filter>3rd\asmjit\x86</Filter>
    </ClCompile>
    <ClCompile Include="asmjit\x86\x86logging.cpp">
      <Filter>3rd\asmjit\x86</Filter>
    </ClCompile>
    <ClCompile Include="asmjit\x86\x86operand.cpp">
      <Filter>3rd\asmjit\x86</Filter>
    </ClCompile>
    <ClCompile Include="asmjit\x86\x86operand_regs.cpp">
      <Filter>3rd\asmjit\x86</Filter>
    </ClCompile>
    <ClCompile Include="asmjit\x86\x86regalloc.cpp">
      <Filter>3rd\asmjit\x86</Filter>
    </ClCompile>
  </ItemGroup>
  <ItemGroup>
    <ClInclude Include="rs_vm.hpp">
      <Filter>runtime</Filter>
    </ClInclude>
    <ClInclude Include="rs_compiler_lexer.hpp">
      <Filter>compiler</Filter>
    </ClInclude>
    <ClInclude Include="rs_compiler_ir.hpp">
      <Filter>compiler</Filter>
    </ClInclude>
    <ClInclude Include="rs_exceptions.hpp">
      <Filter>runtime</Filter>
    </ClInclude>
    <ClInclude Include="rs_basic_type.hpp">
      <Filter>runtime</Filter>
    </ClInclude>
    <ClInclude Include="rs_instruct.hpp">
      <Filter>runtime</Filter>
    </ClInclude>
    <ClInclude Include="rs_gc.hpp">
      <Filter>runtime</Filter>
    </ClInclude>
    <ClInclude Include="rs_meta.hpp">
      <Filter>basic</Filter>
    </ClInclude>
    <ClInclude Include="rs_macro.hpp">
      <Filter>basic</Filter>
    </ClInclude>
    <ClInclude Include="rs_assert.hpp">
      <Filter>basic</Filter>
    </ClInclude>
    <ClInclude Include="rs_compiler_parser.hpp">
      <Filter>compiler</Filter>
    </ClInclude>
    <ClInclude Include="enum.h">
      <Filter>3rd</Filter>
    </ClInclude>
    <ClInclude Include="rs_lang_grammar_loader.hpp">
      <Filter>lang</Filter>
    </ClInclude>
    <ClInclude Include="rs_lang_grammar_lr1_autogen.hpp">
      <Filter>lang</Filter>
    </ClInclude>
    <ClInclude Include="rs_crc_64.hpp">
      <Filter>basic</Filter>
    </ClInclude>
    <ClInclude Include="rs_lang_ast_builder.hpp">
      <Filter>lang</Filter>
    </ClInclude>
    <ClInclude Include="rs_env_locale.hpp">
      <Filter>environment</Filter>
    </ClInclude>
    <ClInclude Include="rs_lang.hpp">
      <Filter>lang</Filter>
    </ClInclude>
    <ClInclude Include="rs_runtime_debuggee.hpp">
      <Filter>runtime</Filter>
    </ClInclude>
    <ClInclude Include="rs_lang_functions_for_ast.hpp">
      <Filter>lang</Filter>
    </ClInclude>
    <ClInclude Include="rs_os_api.hpp">
      <Filter>environment</Filter>
    </ClInclude>
    <ClInclude Include="rs_source_file_manager.hpp">
      <Filter>environment</Filter>
    </ClInclude>
    <ClInclude Include="rs_lang_extern_symbol_loader.hpp">
      <Filter>lang</Filter>
    </ClInclude>
    <ClInclude Include="rs_stdlib.hpp">
      <Filter>stdlib</Filter>
    </ClInclude>
    <ClInclude Include="rs_lang_compiler_information.hpp">
      <Filter>lang</Filter>
    </ClInclude>
    <ClInclude Include="rs_utf8.hpp">
      <Filter>basic</Filter>
    </ClInclude>
    <ClInclude Include="rs_global_setting.hpp">
      <Filter>environment</Filter>
    </ClInclude>
    <ClInclude Include="rs_io.hpp">
      <Filter>basic</Filter>
    </ClInclude>
    <ClInclude Include="rs_shared_ptr.hpp">
      <Filter>basic</Filter>
    </ClInclude>
    <ClInclude Include="rs_roroutine_thread_mgr.hpp">
      <Filter>roroutine</Filter>
    </ClInclude>
    <ClInclude Include="rs_roroutine_fiber.hpp">
      <Filter>roroutine\context</Filter>
    </ClInclude>
    <ClInclude Include="rs_roroutine_thread.hpp">
      <Filter>roroutine\context</Filter>
    </ClInclude>
    <ClInclude Include="rs_roroutine_vmpool.hpp">
      <Filter>roroutine</Filter>
    </ClInclude>
    <ClInclude Include="rs_roroutine_simulate_mgr.hpp">
      <Filter>roroutine</Filter>
    </ClInclude>
    <ClInclude Include="rs.h">
      <Filter>源文件</Filter>
    </ClInclude>
    <ClInclude Include="rs_memory.hpp">
      <Filter>basic</Filter>
    </ClInclude>
    <ClInclude Include="rs_compiler_jit.hpp">
      <Filter>compiler</Filter>
    </ClInclude>
    <ClInclude Include="asmjit\arm.h">
      <Filter>3rd\asmjit</Filter>
    </ClInclude>
    <ClInclude Include="asmjit\asmjit.h">
      <Filter>3rd\asmjit</Filter>
    </ClInclude>
    <ClInclude Include="asmjit\asmjit_apibegin.h">
      <Filter>3rd\asmjit</Filter>
    </ClInclude>
    <ClInclude Include="asmjit\asmjit_apiend.h">
      <Filter>3rd\asmjit</Filter>
    </ClInclude>
    <ClInclude Include="asmjit\asmjit_build.h">
      <Filter>3rd\asmjit</Filter>
    </ClInclude>
    <ClInclude Include="asmjit\base.h">
      <Filter>3rd\asmjit</Filter>
    </ClInclude>
    <ClInclude Include="asmjit\x86.h">
      <Filter>3rd\asmjit</Filter>
    </ClInclude>
    <ClInclude Include="asmjit\base\arch.h">
      <Filter>3rd\asmjit\base</Filter>
    </ClInclude>
    <ClInclude Include="asmjit\base\assembler.h">
      <Filter>3rd\asmjit\base</Filter>
    </ClInclude>
    <ClInclude Include="asmjit\base\codebuilder.h">
      <Filter>3rd\asmjit\base</Filter>
    </ClInclude>
    <ClInclude Include="asmjit\base\codecompiler.h">
      <Filter>3rd\asmjit\base</Filter>
    </ClInclude>
    <ClInclude Include="asmjit\base\codeemitter.h">
      <Filter>3rd\asmjit\base</Filter>
    </ClInclude>
    <ClInclude Include="asmjit\base\codeholder.h">
      <Filter>3rd\asmjit\base</Filter>
    </ClInclude>
    <ClInclude Include="asmjit\base\constpool.h">
      <Filter>3rd\asmjit\base</Filter>
    </ClInclude>
    <ClInclude Include="asmjit\base\cpuinfo.h">
      <Filter>3rd\asmjit\base</Filter>
    </ClInclude>
    <ClInclude Include="asmjit\base\func.h">
      <Filter>3rd\asmjit\base</Filter>
    </ClInclude>
    <ClInclude Include="asmjit\base\globals.h">
      <Filter>3rd\asmjit\base</Filter>
    </ClInclude>
    <ClInclude Include="asmjit\base\inst.h">
      <Filter>3rd\asmjit\base</Filter>
    </ClInclude>
    <ClInclude Include="asmjit\base\logging.h">
      <Filter>3rd\asmjit\base</Filter>
    </ClInclude>
    <ClInclude Include="asmjit\base\misc_p.h">
      <Filter>3rd\asmjit\base</Filter>
    </ClInclude>
    <ClInclude Include="asmjit\base\operand.h">
      <Filter>3rd\asmjit\base</Filter>
    </ClInclude>
    <ClInclude Include="asmjit\base\osutils.h">
      <Filter>3rd\asmjit\base</Filter>
    </ClInclude>
    <ClInclude Include="asmjit\base\regalloc_p.h">
      <Filter>3rd\asmjit\base</Filter>
    </ClInclude>
    <ClInclude Include="asmjit\base\runtime.h">
      <Filter>3rd\asmjit\base</Filter>
    </ClInclude>
    <ClInclude Include="asmjit\base\simdtypes.h">
      <Filter>3rd\asmjit\base</Filter>
    </ClInclude>
    <ClInclude Include="asmjit\base\string.h">
      <Filter>3rd\asmjit\base</Filter>
    </ClInclude>
    <ClInclude Include="asmjit\base\utils.h">
      <Filter>3rd\asmjit\base</Filter>
    </ClInclude>
    <ClInclude Include="asmjit\base\vmem.h">
      <Filter>3rd\asmjit\base</Filter>
    </ClInclude>
    <ClInclude Include="asmjit\base\zone.h">
      <Filter>3rd\asmjit\base</Filter>
    </ClInclude>
    <ClInclude Include="asmjit\x86\x86assembler.h">
      <Filter>3rd\asmjit\x86</Filter>
    </ClInclude>
    <ClInclude Include="asmjit\x86\x86builder.h">
      <Filter>3rd\asmjit\x86</Filter>
    </ClInclude>
    <ClInclude Include="asmjit\x86\x86compiler.h">
      <Filter>3rd\asmjit\x86</Filter>
    </ClInclude>
    <ClInclude Include="asmjit\x86\x86emitter.h">
      <Filter>3rd\asmjit\x86</Filter>
    </ClInclude>
    <ClInclude Include="asmjit\x86\x86globals.h">
      <Filter>3rd\asmjit\x86</Filter>
    </ClInclude>
    <ClInclude Include="asmjit\x86\x86inst.h">
      <Filter>3rd\asmjit\x86</Filter>
    </ClInclude>
    <ClInclude Include="asmjit\x86\x86instimpl_p.h">
      <Filter>3rd\asmjit\x86</Filter>
    </ClInclude>
    <ClInclude Include="asmjit\x86\x86internal_p.h">
      <Filter>3rd\asmjit\x86</Filter>
    </ClInclude>
    <ClInclude Include="asmjit\x86\x86logging_p.h">
      <Filter>3rd\asmjit\x86</Filter>
    </ClInclude>
    <ClInclude Include="asmjit\x86\x86misc.h">
      <Filter>3rd\asmjit\x86</Filter>
    </ClInclude>
    <ClInclude Include="asmjit\x86\x86operand.h">
      <Filter>3rd\asmjit\x86</Filter>
    </ClInclude>
    <ClInclude Include="asmjit\x86\x86regalloc_p.h">
      <Filter>3rd\asmjit\x86</Filter>
    </ClInclude>
  </ItemGroup>
</Project>