<?xml version="1.0" encoding="utf-8"?>
<Project ToolsVersion="4.0" xmlns="http://schemas.microsoft.com/developer/msbuild/2003">
  <ItemGroup>
    <Filter Include="源文件">
      <UniqueIdentifier>{4FC737F1-C7A5-4376-A066-2A32D752A2FF}</UniqueIdentifier>
      <Extensions>cpp;c;cc;cxx;c++;cppm;ixx;def;odl;idl;hpj;bat;asm;asmx</Extensions>
    </Filter>
    <Filter Include="头文件">
      <UniqueIdentifier>{93995380-89BD-4b04-88EB-625FBE52EBFB}</UniqueIdentifier>
      <Extensions>h;hh;hpp;hxx;h++;hm;inl;inc;ipp;xsd</Extensions>
    </Filter>
    <Filter Include="资源文件">
      <UniqueIdentifier>{67DA6AB6-F800-4c08-8B7A-83BB121AAD01}</UniqueIdentifier>
      <Extensions>rc;ico;cur;bmp;dlg;rc2;rct;bin;rgs;gif;jpg;jpeg;jpe;resx;tiff;tif;png;wav;mfcribbon-ms</Extensions>
    </Filter>
    <Filter Include="compiler">
      <UniqueIdentifier>{927f8eae-bf6a-432d-b164-e52452671274}</UniqueIdentifier>
    </Filter>
    <Filter Include="3rd">
      <UniqueIdentifier>{95417a9b-5055-4861-8d62-52e14ac3a47a}</UniqueIdentifier>
    </Filter>
    <Filter Include="basic">
      <UniqueIdentifier>{7d9a7b23-d5b2-48f1-99a5-5bab126fda79}</UniqueIdentifier>
    </Filter>
    <Filter Include="environment">
      <UniqueIdentifier>{0310393a-6084-4248-a807-ad07e7d0f719}</UniqueIdentifier>
    </Filter>
    <Filter Include="lang">
      <UniqueIdentifier>{14547a97-153f-4356-99b0-37f4e77918b5}</UniqueIdentifier>
    </Filter>
    <Filter Include="runtime">
      <UniqueIdentifier>{55da0602-8c9d-405e-8ac4-ade6d6ce16fb}</UniqueIdentifier>
    </Filter>
    <Filter Include="stdlib">
      <UniqueIdentifier>{117ab175-6ff0-4183-a15a-3eb3498061b0}</UniqueIdentifier>
    </Filter>
    <Filter Include="roroutine">
      <UniqueIdentifier>{a7bfe678-fd42-4d08-b6ab-e083ea4ae547}</UniqueIdentifier>
    </Filter>
    <Filter Include="roroutine\context">
      <UniqueIdentifier>{0adbda23-2d57-4470-9cfc-afbbfdb86e7b}</UniqueIdentifier>
    </Filter>
    <Filter Include="3rd\asmjit">
      <UniqueIdentifier>{38d1e968-b749-4949-a463-96409c7ae4b6}</UniqueIdentifier>
    </Filter>
    <Filter Include="3rd\asmjit\core">
      <UniqueIdentifier>{54a1793d-a942-4864-98d5-ef17ff6fed4a}</UniqueIdentifier>
    </Filter>
    <Filter Include="3rd\asmjit\x86">
      <UniqueIdentifier>{67c1095e-5ada-4ac7-a291-d10298823f52}</UniqueIdentifier>
    </Filter>
  </ItemGroup>
  <ItemGroup>
    <ClCompile Include="rs_main.cpp">
      <Filter>源文件</Filter>
    </ClCompile>
    <ClCompile Include="rs_api_impl.cpp">
      <Filter>源文件</Filter>
    </ClCompile>
    <ClCompile Include="rs_gc_work.cpp">
      <Filter>源文件</Filter>
    </ClCompile>
    <ClCompile Include="rs_compiler_ir.cpp">
      <Filter>compiler</Filter>
    </ClCompile>
    <ClCompile Include="rs_lang_functions_for_ast.cpp">
      <Filter>lang</Filter>
    </ClCompile>
    <ClCompile Include="rs_os_api.cpp">
      <Filter>environment</Filter>
    </ClCompile>
    <ClCompile Include="rs_stdlib_extern_functions.cpp">
      <Filter>stdlib</Filter>
    </ClCompile>
    <ClCompile Include="rs_lang_grammar.cpp">
      <Filter>lang</Filter>
    </ClCompile>
    <ClCompile Include="rs_lang_grammar_cache_holder.cpp">
      <Filter>lang</Filter>
    </ClCompile>
    <ClCompile Include="rs_utf8.cpp">
      <Filter>basic</Filter>
    </ClCompile>
    <ClCompile Include="rs_lang_ast_builder.cpp">
      <Filter>lang</Filter>
    </ClCompile>
    <ClCompile Include="rs_roroutine_fiber.cpp">
      <Filter>roroutine\context</Filter>
    </ClCompile>
    <ClCompile Include="rs_memory.cpp">
      <Filter>basic</Filter>
    </ClCompile>
    <ClCompile Include="asmjit\core\archtraits.cpp">
      <Filter>3rd\asmjit\core</Filter>
    </ClCompile>
    <ClCompile Include="asmjit\core\assembler.cpp">
      <Filter>3rd\asmjit\core</Filter>
    </ClCompile>
    <ClCompile Include="asmjit\core\builder.cpp">
      <Filter>3rd\asmjit\core</Filter>
    </ClCompile>
    <ClCompile Include="asmjit\core\codeholder.cpp">
      <Filter>3rd\asmjit\core</Filter>
    </ClCompile>
    <ClCompile Include="asmjit\core\codewriter.cpp">
      <Filter>3rd\asmjit\core</Filter>
    </ClCompile>
    <ClCompile Include="asmjit\core\compiler.cpp">
      <Filter>3rd\asmjit\core</Filter>
    </ClCompile>
    <ClCompile Include="asmjit\core\constpool.cpp">
      <Filter>3rd\asmjit\core</Filter>
    </ClCompile>
    <ClCompile Include="asmjit\core\cpuinfo.cpp">
      <Filter>3rd\asmjit\core</Filter>
    </ClCompile>
    <ClCompile Include="asmjit\core\emithelper.cpp">
      <Filter>3rd\asmjit\core</Filter>
    </ClCompile>
    <ClCompile Include="asmjit\core\emitter.cpp">
      <Filter>3rd\asmjit\core</Filter>
    </ClCompile>
    <ClCompile Include="asmjit\core\emitterutils.cpp">
      <Filter>3rd\asmjit\core</Filter>
    </ClCompile>
    <ClCompile Include="asmjit\core\environment.cpp">
      <Filter>3rd\asmjit\core</Filter>
    </ClCompile>
    <ClCompile Include="asmjit\core\errorhandler.cpp">
      <Filter>3rd\asmjit\core</Filter>
    </ClCompile>
    <ClCompile Include="asmjit\core\formatter.cpp">
      <Filter>3rd\asmjit\core</Filter>
    </ClCompile>
    <ClCompile Include="asmjit\core\func.cpp">
      <Filter>3rd\asmjit\core</Filter>
    </ClCompile>
    <ClCompile Include="asmjit\core\funcargscontext.cpp">
      <Filter>3rd\asmjit\core</Filter>
    </ClCompile>
    <ClCompile Include="asmjit\core\globals.cpp">
      <Filter>3rd\asmjit\core</Filter>
    </ClCompile>
    <ClCompile Include="asmjit\core\inst.cpp">
      <Filter>3rd\asmjit\core</Filter>
    </ClCompile>
    <ClCompile Include="asmjit\core\jitallocator.cpp">
      <Filter>3rd\asmjit\core</Filter>
    </ClCompile>
    <ClCompile Include="asmjit\core\jitruntime.cpp">
      <Filter>3rd\asmjit\core</Filter>
    </ClCompile>
    <ClCompile Include="asmjit\core\logger.cpp">
      <Filter>3rd\asmjit\core</Filter>
    </ClCompile>
    <ClCompile Include="asmjit\core\operand.cpp">
      <Filter>3rd\asmjit\core</Filter>
    </ClCompile>
    <ClCompile Include="asmjit\core\osutils.cpp">
      <Filter>3rd\asmjit\core</Filter>
    </ClCompile>
    <ClCompile Include="asmjit\core\ralocal.cpp">
      <Filter>3rd\asmjit\core</Filter>
    </ClCompile>
    <ClCompile Include="asmjit\core\rapass.cpp">
      <Filter>3rd\asmjit\core</Filter>
    </ClCompile>
    <ClCompile Include="asmjit\core\rastack.cpp">
      <Filter>3rd\asmjit\core</Filter>
    </ClCompile>
    <ClCompile Include="asmjit\core\string.cpp">
      <Filter>3rd\asmjit\core</Filter>
    </ClCompile>
    <ClCompile Include="asmjit\core\support.cpp">
      <Filter>3rd\asmjit\core</Filter>
    </ClCompile>
    <ClCompile Include="asmjit\core\target.cpp">
      <Filter>3rd\asmjit\core</Filter>
    </ClCompile>
    <ClCompile Include="asmjit\core\type.cpp">
      <Filter>3rd\asmjit\core</Filter>
    </ClCompile>
    <ClCompile Include="asmjit\core\virtmem.cpp">
      <Filter>3rd\asmjit\core</Filter>
    </ClCompile>
    <ClCompile Include="asmjit\core\zone.cpp">
      <Filter>3rd\asmjit\core</Filter>
    </ClCompile>
    <ClCompile Include="asmjit\core\zonehash.cpp">
      <Filter>3rd\asmjit\core</Filter>
    </ClCompile>
    <ClCompile Include="asmjit\core\zonelist.cpp">
      <Filter>3rd\asmjit\core</Filter>
    </ClCompile>
    <ClCompile Include="asmjit\core\zonestack.cpp">
      <Filter>3rd\asmjit\core</Filter>
    </ClCompile>
    <ClCompile Include="asmjit\core\zonetree.cpp">
      <Filter>3rd\asmjit\core</Filter>
    </ClCompile>
    <ClCompile Include="asmjit\core\zonevector.cpp">
      <Filter>3rd\asmjit\core</Filter>
    </ClCompile>
    <ClCompile Include="asmjit\x86\x86assembler.cpp">
      <Filter>3rd\asmjit\x86</Filter>
    </ClCompile>
    <ClCompile Include="asmjit\x86\x86builder.cpp">
      <Filter>3rd\asmjit\x86</Filter>
    </ClCompile>
    <ClCompile Include="asmjit\x86\x86compiler.cpp">
      <Filter>3rd\asmjit\x86</Filter>
    </ClCompile>
    <ClCompile Include="asmjit\x86\x86emithelper.cpp">
      <Filter>3rd\asmjit\x86</Filter>
    </ClCompile>
    <ClCompile Include="asmjit\x86\x86formatter.cpp">
      <Filter>3rd\asmjit\x86</Filter>
    </ClCompile>
    <ClCompile Include="asmjit\x86\x86func.cpp">
      <Filter>3rd\asmjit\x86</Filter>
    </ClCompile>
    <ClCompile Include="asmjit\x86\x86instapi.cpp">
      <Filter>3rd\asmjit\x86</Filter>
    </ClCompile>
    <ClCompile Include="asmjit\x86\x86instdb.cpp">
      <Filter>3rd\asmjit\x86</Filter>
    </ClCompile>
    <ClCompile Include="asmjit\x86\x86operand.cpp">
      <Filter>3rd\asmjit\x86</Filter>
    </ClCompile>
    <ClCompile Include="asmjit\x86\x86rapass.cpp">
      <Filter>3rd\asmjit\x86</Filter>
    </ClCompile>
  </ItemGroup>
  <ItemGroup>
    <ClInclude Include="rs_vm.hpp">
      <Filter>runtime</Filter>
    </ClInclude>
    <ClInclude Include="rs_compiler_lexer.hpp">
      <Filter>compiler</Filter>
    </ClInclude>
    <ClInclude Include="rs_compiler_ir.hpp">
      <Filter>compiler</Filter>
    </ClInclude>
    <ClInclude Include="rs_exceptions.hpp">
      <Filter>runtime</Filter>
    </ClInclude>
    <ClInclude Include="rs_basic_type.hpp">
      <Filter>runtime</Filter>
    </ClInclude>
    <ClInclude Include="rs_instruct.hpp">
      <Filter>runtime</Filter>
    </ClInclude>
    <ClInclude Include="rs_gc.hpp">
      <Filter>runtime</Filter>
    </ClInclude>
    <ClInclude Include="rs_meta.hpp">
      <Filter>basic</Filter>
    </ClInclude>
    <ClInclude Include="rs_macro.hpp">
      <Filter>basic</Filter>
    </ClInclude>
    <ClInclude Include="rs_assert.hpp">
      <Filter>basic</Filter>
    </ClInclude>
    <ClInclude Include="rs_compiler_parser.hpp">
      <Filter>compiler</Filter>
    </ClInclude>
    <ClInclude Include="enum.h">
      <Filter>3rd</Filter>
    </ClInclude>
    <ClInclude Include="rs_lang_grammar_loader.hpp">
      <Filter>lang</Filter>
    </ClInclude>
    <ClInclude Include="rs_lang_grammar_lr1_autogen.hpp">
      <Filter>lang</Filter>
    </ClInclude>
    <ClInclude Include="rs_crc_64.hpp">
      <Filter>basic</Filter>
    </ClInclude>
    <ClInclude Include="rs_lang_ast_builder.hpp">
      <Filter>lang</Filter>
    </ClInclude>
    <ClInclude Include="rs_env_locale.hpp">
      <Filter>environment</Filter>
    </ClInclude>
    <ClInclude Include="rs_lang.hpp">
      <Filter>lang</Filter>
    </ClInclude>
    <ClInclude Include="rs_runtime_debuggee.hpp">
      <Filter>runtime</Filter>
    </ClInclude>
    <ClInclude Include="rs_lang_functions_for_ast.hpp">
      <Filter>lang</Filter>
    </ClInclude>
    <ClInclude Include="rs_os_api.hpp">
      <Filter>environment</Filter>
    </ClInclude>
    <ClInclude Include="rs_source_file_manager.hpp">
      <Filter>environment</Filter>
    </ClInclude>
    <ClInclude Include="rs_lang_extern_symbol_loader.hpp">
      <Filter>lang</Filter>
    </ClInclude>
    <ClInclude Include="rs_stdlib.hpp">
      <Filter>stdlib</Filter>
    </ClInclude>
    <ClInclude Include="rs_lang_compiler_information.hpp">
      <Filter>lang</Filter>
    </ClInclude>
    <ClInclude Include="rs_utf8.hpp">
      <Filter>basic</Filter>
    </ClInclude>
    <ClInclude Include="rs_global_setting.hpp">
      <Filter>environment</Filter>
    </ClInclude>
    <ClInclude Include="rs_io.hpp">
      <Filter>basic</Filter>
    </ClInclude>
    <ClInclude Include="rs_shared_ptr.hpp">
      <Filter>basic</Filter>
    </ClInclude>
    <ClInclude Include="rs_roroutine_thread_mgr.hpp">
      <Filter>roroutine</Filter>
    </ClInclude>
    <ClInclude Include="rs_roroutine_fiber.hpp">
      <Filter>roroutine\context</Filter>
    </ClInclude>
    <ClInclude Include="rs_roroutine_thread.hpp">
      <Filter>roroutine\context</Filter>
    </ClInclude>
    <ClInclude Include="rs_roroutine_vmpool.hpp">
      <Filter>roroutine</Filter>
    </ClInclude>
    <ClInclude Include="rs_roroutine_simulate_mgr.hpp">
      <Filter>roroutine</Filter>
    </ClInclude>
    <ClInclude Include="rs.h">
      <Filter>源文件</Filter>
    </ClInclude>
    <ClInclude Include="rs_memory.hpp">
      <Filter>basic</Filter>
    </ClInclude>
    <ClInclude Include="asmjit\asmjit.h">
      <Filter>3rd\asmjit</Filter>
    </ClInclude>
    <ClInclude Include="asmjit\asmjit-scope-begin.h">
      <Filter>3rd\asmjit</Filter>
    </ClInclude>
    <ClInclude Include="asmjit\asmjit-scope-end.h">
      <Filter>3rd\asmjit</Filter>
    </ClInclude>
    <ClInclude Include="asmjit\core.h">
      <Filter>3rd\asmjit</Filter>
    </ClInclude>
    <ClInclude Include="asmjit\x86.h">
      <Filter>3rd\asmjit</Filter>
    </ClInclude>
    <ClInclude Include="asmjit\core\api-build_p.h">
      <Filter>3rd\asmjit\core</Filter>
    </ClInclude>
    <ClInclude Include="asmjit\core\api-config.h">
      <Filter>3rd\asmjit\core</Filter>
    </ClInclude>
    <ClInclude Include="asmjit\core\archcommons.h">
      <Filter>3rd\asmjit\core</Filter>
    </ClInclude>
    <ClInclude Include="asmjit\core\archtraits.h">
      <Filter>3rd\asmjit\core</Filter>
    </ClInclude>
    <ClInclude Include="asmjit\core\assembler.h">
      <Filter>3rd\asmjit\core</Filter>
    </ClInclude>
    <ClInclude Include="asmjit\core\builder.h">
      <Filter>3rd\asmjit\core</Filter>
    </ClInclude>
    <ClInclude Include="asmjit\core\codebuffer.h">
      <Filter>3rd\asmjit\core</Filter>
    </ClInclude>
    <ClInclude Include="asmjit\core\codeholder.h">
      <Filter>3rd\asmjit\core</Filter>
    </ClInclude>
    <ClInclude Include="asmjit\core\codewriter_p.h">
      <Filter>3rd\asmjit\core</Filter>
    </ClInclude>
    <ClInclude Include="asmjit\core\compiler.h">
      <Filter>3rd\asmjit\core</Filter>
    </ClInclude>
    <ClInclude Include="asmjit\core\compilerdefs.h">
      <Filter>3rd\asmjit\core</Filter>
    </ClInclude>
    <ClInclude Include="asmjit\core\constpool.h">
      <Filter>3rd\asmjit\core</Filter>
    </ClInclude>
    <ClInclude Include="asmjit\core\cpuinfo.h">
      <Filter>3rd\asmjit\core</Filter>
    </ClInclude>
    <ClInclude Include="asmjit\core\emithelper_p.h">
      <Filter>3rd\asmjit\core</Filter>
    </ClInclude>
    <ClInclude Include="asmjit\core\emitter.h">
      <Filter>3rd\asmjit\core</Filter>
    </ClInclude>
    <ClInclude Include="asmjit\core\emitterutils_p.h">
      <Filter>3rd\asmjit\core</Filter>
    </ClInclude>
    <ClInclude Include="asmjit\core\environment.h">
      <Filter>3rd\asmjit\core</Filter>
    </ClInclude>
    <ClInclude Include="asmjit\core\errorhandler.h">
      <Filter>3rd\asmjit\core</Filter>
    </ClInclude>
    <ClInclude Include="asmjit\core\formatter.h">
      <Filter>3rd\asmjit\core</Filter>
    </ClInclude>
    <ClInclude Include="asmjit\core\formatter_p.h">
      <Filter>3rd\asmjit\core</Filter>
    </ClInclude>
    <ClInclude Include="asmjit\core\func.h">
      <Filter>3rd\asmjit\core</Filter>
    </ClInclude>
    <ClInclude Include="asmjit\core\funcargscontext_p.h">
      <Filter>3rd\asmjit\core</Filter>
    </ClInclude>
    <ClInclude Include="asmjit\core\globals.h">
      <Filter>3rd\asmjit\core</Filter>
    </ClInclude>
    <ClInclude Include="asmjit\core\inst.h">
      <Filter>3rd\asmjit\core</Filter>
    </ClInclude>
    <ClInclude Include="asmjit\core\jitallocator.h">
      <Filter>3rd\asmjit\core</Filter>
    </ClInclude>
    <ClInclude Include="asmjit\core\jitruntime.h">
      <Filter>3rd\asmjit\core</Filter>
    </ClInclude>
    <ClInclude Include="asmjit\core\logger.h">
      <Filter>3rd\asmjit\core</Filter>
    </ClInclude>
    <ClInclude Include="asmjit\core\misc_p.h">
      <Filter>3rd\asmjit\core</Filter>
    </ClInclude>
    <ClInclude Include="asmjit\core\operand.h">
      <Filter>3rd\asmjit\core</Filter>
    </ClInclude>
    <ClInclude Include="asmjit\core\osutils.h">
      <Filter>3rd\asmjit\core</Filter>
    </ClInclude>
    <ClInclude Include="asmjit\core\osutils_p.h">
      <Filter>3rd\asmjit\core</Filter>
    </ClInclude>
    <ClInclude Include="asmjit\core\raassignment_p.h">
      <Filter>3rd\asmjit\core</Filter>
    </ClInclude>
    <ClInclude Include="asmjit\core\rabuilders_p.h">
      <Filter>3rd\asmjit\core</Filter>
    </ClInclude>
    <ClInclude Include="asmjit\core\radefs_p.h">
      <Filter>3rd\asmjit\core</Filter>
    </ClInclude>
    <ClInclude Include="asmjit\core\ralocal_p.h">
      <Filter>3rd\asmjit\core</Filter>
    </ClInclude>
    <ClInclude Include="asmjit\core\rapass_p.h">
      <Filter>3rd\asmjit\core</Filter>
    </ClInclude>
    <ClInclude Include="asmjit\core\rastack_p.h">
      <Filter>3rd\asmjit\core</Filter>
    </ClInclude>
    <ClInclude Include="asmjit\core\string.h">
      <Filter>3rd\asmjit\core</Filter>
    </ClInclude>
    <ClInclude Include="asmjit\core\support.h">
      <Filter>3rd\asmjit\core</Filter>
    </ClInclude>
    <ClInclude Include="asmjit\core\target.h">
      <Filter>3rd\asmjit\core</Filter>
    </ClInclude>
    <ClInclude Include="asmjit\core\type.h">
      <Filter>3rd\asmjit\core</Filter>
    </ClInclude>
    <ClInclude Include="asmjit\core\virtmem.h">
      <Filter>3rd\asmjit\core</Filter>
    </ClInclude>
    <ClInclude Include="asmjit\core\zone.h">
      <Filter>3rd\asmjit\core</Filter>
    </ClInclude>
    <ClInclude Include="asmjit\core\zonehash.h">
      <Filter>3rd\asmjit\core</Filter>
    </ClInclude>
    <ClInclude Include="asmjit\core\zonelist.h">
      <Filter>3rd\asmjit\core</Filter>
    </ClInclude>
    <ClInclude Include="asmjit\core\zonestack.h">
      <Filter>3rd\asmjit\core</Filter>
    </ClInclude>
    <ClInclude Include="asmjit\core\zonestring.h">
      <Filter>3rd\asmjit\core</Filter>
    </ClInclude>
    <ClInclude Include="asmjit\core\zonetree.h">
      <Filter>3rd\asmjit\core</Filter>
    </ClInclude>
    <ClInclude Include="asmjit\core\zonevector.h">
      <Filter>3rd\asmjit\core</Filter>
    </ClInclude>
    <ClInclude Include="asmjit\x86\x86archtraits_p.h">
      <Filter>3rd\asmjit\x86</Filter>
    </ClInclude>
    <ClInclude Include="asmjit\x86\x86assembler.h">
      <Filter>3rd\asmjit\x86</Filter>
    </ClInclude>
    <ClInclude Include="asmjit\x86\x86builder.h">
      <Filter>3rd\asmjit\x86</Filter>
    </ClInclude>
    <ClInclude Include="asmjit\x86\x86compiler.h">
      <Filter>3rd\asmjit\x86</Filter>
    </ClInclude>
    <ClInclude Include="asmjit\x86\x86emithelper_p.h">
      <Filter>3rd\asmjit\x86</Filter>
    </ClInclude>
    <ClInclude Include="asmjit\x86\x86emitter.h">
      <Filter>3rd\asmjit\x86</Filter>
    </ClInclude>
    <ClInclude Include="asmjit\x86\x86formatter_p.h">
      <Filter>3rd\asmjit\x86</Filter>
    </ClInclude>
    <ClInclude Include="asmjit\x86\x86func_p.h">
      <Filter>3rd\asmjit\x86</Filter>
    </ClInclude>
    <ClInclude Include="asmjit\x86\x86globals.h">
      <Filter>3rd\asmjit\x86</Filter>
    </ClInclude>
    <ClInclude Include="asmjit\x86\x86instapi_p.h">
      <Filter>3rd\asmjit\x86</Filter>
    </ClInclude>
    <ClInclude Include="asmjit\x86\x86instdb.h">
      <Filter>3rd\asmjit\x86</Filter>
    </ClInclude>
    <ClInclude Include="asmjit\x86\x86instdb_p.h">
      <Filter>3rd\asmjit\x86</Filter>
    </ClInclude>
    <ClInclude Include="asmjit\x86\x86opcode_p.h">
      <Filter>3rd\asmjit\x86</Filter>
    </ClInclude>
    <ClInclude Include="asmjit\x86\x86operand.h">
      <Filter>3rd\asmjit\x86</Filter>
    </ClInclude>
    <ClInclude Include="asmjit\x86\x86rapass_p.h">
      <Filter>3rd\asmjit\x86</Filter>
    </ClInclude>
  </ItemGroup>
</Project>