<?xml version="1.0" encoding="utf-8"?>
<Project ToolsVersion="17.0" xmlns="http://schemas.microsoft.com/developer/msbuild/2003">
  <ItemGroup>
    <ClCompile Include="E:\Windows\Desktop\project\woolang\src\wo_api_impl.cpp">
      <Filter>Source Files</Filter>
    </ClCompile>
    <ClCompile Include="E:\Windows\Desktop\project\woolang\src\wo_compiler_ir.cpp">
      <Filter>Source Files</Filter>
    </ClCompile>
    <ClCompile Include="E:\Windows\Desktop\project\woolang\src\wo_compiler_jit.cpp">
      <Filter>Source Files</Filter>
    </ClCompile>
    <ClCompile Include="E:\Windows\Desktop\project\woolang\src\wo_compiler_lexer.cpp">
      <Filter>Source Files</Filter>
    </ClCompile>
    <ClCompile Include="E:\Windows\Desktop\project\woolang\src\wo_compiler_parser.cpp">
      <Filter>Source Files</Filter>
    </ClCompile>
    <ClCompile Include="E:\Windows\Desktop\project\woolang\src\wo_gc_work.cpp">
      <Filter>Source Files</Filter>
    </ClCompile>
    <ClCompile Include="E:\Windows\Desktop\project\woolang\src\wo_info.cpp">
      <Filter>Source Files</Filter>
    </ClCompile>
    <ClCompile Include="E:\Windows\Desktop\project\woolang\src\wo_lang.cpp">
      <Filter>Source Files</Filter>
    </ClCompile>
    <ClCompile Include="E:\Windows\Desktop\project\woolang\src\wo_lang_ast_builder.cpp">
      <Filter>Source Files</Filter>
    </ClCompile>
    <ClCompile Include="E:\Windows\Desktop\project\woolang\src\wo_lang_functions_for_ast.cpp">
      <Filter>Source Files</Filter>
    </ClCompile>
    <ClCompile Include="E:\Windows\Desktop\project\woolang\src\wo_lang_grammar.cpp">
      <Filter>Source Files</Filter>
    </ClCompile>
    <ClCompile Include="E:\Windows\Desktop\project\woolang\src\wo_lang_grammar_cache_holder.cpp">
      <Filter>Source Files</Filter>
    </ClCompile>
    <ClCompile Include="E:\Windows\Desktop\project\woolang\src\wo_memory.cpp">
      <Filter>Source Files</Filter>
    </ClCompile>
    <ClCompile Include="E:\Windows\Desktop\project\woolang\src\wo_os_api.cpp">
      <Filter>Source Files</Filter>
    </ClCompile>
    <ClCompile Include="E:\Windows\Desktop\project\woolang\src\wo_stdlib_extern_functions.cpp">
      <Filter>Source Files</Filter>
    </ClCompile>
    <ClCompile Include="E:\Windows\Desktop\project\woolang\src\wo_utf8.cpp">
      <Filter>Source Files</Filter>
    </ClCompile>
  </ItemGroup>
  <ItemGroup>
    <ClInclude Include="E:\Windows\Desktop\project\woolang\src\wo_assert.hpp">
      <Filter>Header Files</Filter>
    </ClInclude>
    <ClInclude Include="E:\Windows\Desktop\project\woolang\src\wo_basic_type.hpp">
      <Filter>Header Files</Filter>
    </ClInclude>
    <ClInclude Include="E:\Windows\Desktop\project\woolang\src\wo_compiler_ir.hpp">
      <Filter>Header Files</Filter>
    </ClInclude>
    <ClInclude Include="E:\Windows\Desktop\project\woolang\src\wo_compiler_jit.hpp">
      <Filter>Header Files</Filter>
    </ClInclude>
    <ClInclude Include="E:\Windows\Desktop\project\woolang\src\wo_compiler_lexer.hpp">
      <Filter>Header Files</Filter>
    </ClInclude>
    <ClInclude Include="E:\Windows\Desktop\project\woolang\src\wo_compiler_parser.hpp">
      <Filter>Header Files</Filter>
    </ClInclude>
    <ClInclude Include="E:\Windows\Desktop\project\woolang\src\wo_const_string_pool.hpp">
      <Filter>Header Files</Filter>
    </ClInclude>
    <ClInclude Include="E:\Windows\Desktop\project\woolang\src\wo_crc_64.hpp">
      <Filter>Header Files</Filter>
    </ClInclude>
    <ClInclude Include="E:\Windows\Desktop\project\woolang\src\wo_env_locale.hpp">
      <Filter>Header Files</Filter>
    </ClInclude>
    <ClInclude Include="E:\Windows\Desktop\project\woolang\src\wo_gc.hpp">
      <Filter>Header Files</Filter>
    </ClInclude>
    <ClInclude Include="E:\Windows\Desktop\project\woolang\src\wo_global_setting.hpp">
      <Filter>Header Files</Filter>
    </ClInclude>
    <ClInclude Include="E:\Windows\Desktop\project\woolang\src\wo_info.hpp">
      <Filter>Header Files</Filter>
    </ClInclude>
    <ClInclude Include="E:\Windows\Desktop\project\woolang\src\wo_instruct.hpp">
      <Filter>Header Files</Filter>
    </ClInclude>
    <ClInclude Include="E:\Windows\Desktop\project\woolang\src\wo_io.hpp">
      <Filter>Header Files</Filter>
    </ClInclude>
    <ClInclude Include="E:\Windows\Desktop\project\woolang\src\wo_lang.hpp">
      <Filter>Header Files</Filter>
    </ClInclude>
    <ClInclude Include="E:\Windows\Desktop\project\woolang\src\wo_lang_ast_builder.hpp">
      <Filter>Header Files</Filter>
    </ClInclude>
    <ClInclude Include="E:\Windows\Desktop\project\woolang\src\wo_lang_compiler_information.hpp">
      <Filter>Header Files</Filter>
    </ClInclude>
    <ClInclude Include="E:\Windows\Desktop\project\woolang\src\wo_lang_extern_symbol_loader.hpp">
      <Filter>Header Files</Filter>
    </ClInclude>
    <ClInclude Include="E:\Windows\Desktop\project\woolang\src\wo_lang_functions_for_ast.hpp">
      <Filter>Header Files</Filter>
    </ClInclude>
    <ClInclude Include="E:\Windows\Desktop\project\woolang\src\wo_lang_grammar_loader.hpp">
      <Filter>Header Files</Filter>
    </ClInclude>
    <ClInclude Include="E:\Windows\Desktop\project\woolang\src\wo_lang_grammar_lr1_autogen.hpp">
      <Filter>Header Files</Filter>
    </ClInclude>
    <ClInclude Include="E:\Windows\Desktop\project\woolang\src\wo_macro.hpp">
      <Filter>Header Files</Filter>
    </ClInclude>
    <ClInclude Include="E:\Windows\Desktop\project\woolang\src\wo_memory.hpp">
      <Filter>Header Files</Filter>
    </ClInclude>
    <ClInclude Include="E:\Windows\Desktop\project\woolang\src\wo_meta.hpp">
      <Filter>Header Files</Filter>
    </ClInclude>
    <ClInclude Include="E:\Windows\Desktop\project\woolang\src\wo_os_api.hpp">
      <Filter>Header Files</Filter>
    </ClInclude>
    <ClInclude Include="E:\Windows\Desktop\project\woolang\src\wo_runtime_debuggee.hpp">
      <Filter>Header Files</Filter>
    </ClInclude>
    <ClInclude Include="E:\Windows\Desktop\project\woolang\src\wo_shared_ptr.hpp">
      <Filter>Header Files</Filter>
    </ClInclude>
    <ClInclude Include="E:\Windows\Desktop\project\woolang\src\wo_source_file_manager.hpp">
      <Filter>Header Files</Filter>
    </ClInclude>
    <ClInclude Include="E:\Windows\Desktop\project\woolang\src\wo_stdlib.hpp">
      <Filter>Header Files</Filter>
    </ClInclude>
    <ClInclude Include="E:\Windows\Desktop\project\woolang\src\wo_utf8.hpp">
      <Filter>Header Files</Filter>
    </ClInclude>
    <ClInclude Include="E:\Windows\Desktop\project\woolang\src\wo_vm.hpp">
      <Filter>Header Files</Filter>
    </ClInclude>
    <ClInclude Include="E:\Windows\Desktop\project\woolang\src\wo_vm_pool.hpp">
      <Filter>Header Files</Filter>
    </ClInclude>
  </ItemGroup>
  <ItemGroup>
    <CustomBuild Include="E:\Windows\Desktop\project\woolang\src\CMakeLists.txt" />
  </ItemGroup>
  <ItemGroup>
    <Filter Include="Header Files">
      <UniqueIdentifier>{72919DA8-EB07-3CB4-869E-4FCFEBE7874F}</UniqueIdentifier>
    </Filter>
    <Filter Include="Source Files">
      <UniqueIdentifier>{EBD67071-8AB0-3BF6-9430-2DFE32BF1E77}</UniqueIdentifier>
    </Filter>
  </ItemGroup>
</Project>
